
Microsoft Visual Studio Solution File, Format Version 12.00
# Visual Studio Version 16
VisualStudioVersion = 16.0.30413.136
MinimumVisualStudioVersion = 10.0.40219.1
Project("{FAE04EC0-301F-11D3-BF4B-00C04F79EFBC}") = "PhoneAppTest", "PhoneAppTest\PhoneAppTest.csproj", "{6F7AEEF8-E0C0-4047-982A-0A48D29B1B30}"
EndProject
Global
	GlobalSection(SolutionConfigurationPlatforms) = preSolution
		Debug|Any CPU = Debug|Any CPU
		Release|Any CPU = Release|Any CPU
	EndGlobalSection
	GlobalSection(ProjectConfigurationPlatforms) = postSolution
		{6F7AEEF8-E0C0-4047-982A-0A48D29B1B30}.Debug|Any CPU.ActiveCfg = Debug|Any CPU
		{6F7AEEF8-E0C0-4047-982A-0A48D29B1B30}.Debug|Any CPU.Build.0 = Debug|Any CPU
		{6F7AEEF8-E0C0-4047-982A-0A48D29B1B30}.Release|Any CPU.ActiveCfg = Release|Any CPU
		{6F7AEEF8-E0C0-4047-982A-0A48D29B1B30}.Release|Any CPU.Build.0 = Release|Any CPU
	EndGlobalSection
	GlobalSection(SolutionProperties) = preSolution
		HideSolutionNode = FALSE
	EndGlobalSection
	GlobalSection(ExtensibilityGlobals) = postSolution
		SolutionGuid = {E579EE41-4955-409E-86BA-9076AE8F9AFC}
	EndGlobalSection
EndGlobal
